
Microsoft Visual Studio Solution File, Format Version 12.00
# Visual Studio 15
VisualStudioVersion = 15.0.27130.2010
MinimumVisualStudioVersion = 10.0.40219.1
Project("{FAE04EC0-301F-11D3-BF4B-00C04F79EFBC}") = "Repeater Programming Utility", "Repeater Programming Utility\Repeater Programming Utility.csproj", "{A7181E19-958D-4FFE-BB77-E403736EAD70}"
EndProject
Global
	GlobalSection(SolutionConfigurationPlatforms) = preSolution
		Debug|x86 = Debug|x86
		Release|x86 = Release|x86
	EndGlobalSection
	GlobalSection(ProjectConfigurationPlatforms) = postSolution
		{A7181E19-958D-4FFE-BB77-E403736EAD70}.Debug|x86.ActiveCfg = Debug|x86
		{A7181E19-958D-4FFE-BB77-E403736EAD70}.Debug|x86.Build.0 = Debug|x86
		{A7181E19-958D-4FFE-BB77-E403736EAD70}.Release|x86.ActiveCfg = Release|x86
		{A7181E19-958D-4FFE-BB77-E403736EAD70}.Release|x86.Build.0 = Release|x86
	EndGlobalSection
	GlobalSection(SolutionProperties) = preSolution
		HideSolutionNode = FALSE
	EndGlobalSection
	GlobalSection(ExtensibilityGlobals) = postSolution
		SolutionGuid = {FC45D9D1-42E5-4437-9D1E-66ECD642EEAD}
	EndGlobalSection
EndGlobal
